// !$*UTF8*$!
{
	archiveVersion = 1;
	classes = {
	};
	objectVersion = 48;
	objects = {

/* Begin PBXBuildFile section */
		8B7A4CC02171CFAA00409838 /* MobileCoreServices.framework in Frameworks */ = {isa = PBXBuildFile; fileRef = 8B7A4CBF2171CFAA00409838 /* MobileCoreServices.framework */; };
		8BC8E09C1FB9A26800BC5173 /* AppDelegate.m in Sources */ = {isa = PBXBuildFile; fileRef = 8BC8E09B1FB9A26800BC5173 /* AppDelegate.m */; };
		8BC8E09F1FB9A26800BC5173 /* ViewController.m in Sources */ = {isa = PBXBuildFile; fileRef = 8BC8E09E1FB9A26800BC5173 /* ViewController.m */; };
		8BC8E0A21FB9A26800BC5173 /* Main.storyboard in Resources */ = {isa = PBXBuildFile; fileRef = 8BC8E0A01FB9A26800BC5173 /* Main.storyboard */; };
		8BC8E0A51FB9A26800BC5173 /* AppTest.xcdatamodeld in Sources */ = {isa = PBXBuildFile; fileRef = 8BC8E0A31FB9A26800BC5173 /* AppTest.xcdatamodeld */; };
		8BC8E0A71FB9A26800BC5173 /* Assets.xcassets in Resources */ = {isa = PBXBuildFile; fileRef = 8BC8E0A61FB9A26800BC5173 /* Assets.xcassets */; };
		8BC8E0AA1FB9A26800BC5173 /* LaunchScreen.storyboard in Resources */ = {isa = PBXBuildFile; fileRef = 8BC8E0A81FB9A26800BC5173 /* LaunchScreen.storyboard */; };
		8BC8E0AD1FB9A26800BC5173 /* main.m in Sources */ = {isa = PBXBuildFile; fileRef = 8BC8E0AC1FB9A26800BC5173 /* main.m */; };
		8BC8E0B71FB9A26900BC5173 /* AppTestTests.m in Sources */ = {isa = PBXBuildFile; fileRef = 8BC8E0B61FB9A26900BC5173 /* AppTestTests.m */; };
		8BC8E0C21FB9A26900BC5173 /* AppTestUITests.m in Sources */ = {isa = PBXBuildFile; fileRef = 8BC8E0C11FB9A26900BC5173 /* AppTestUITests.m */; };
		8BC8E0D11FBC515D00BC5173 /* LeftPanelView.m in Sources */ = {isa = PBXBuildFile; fileRef = 8BC8E0D01FBC515D00BC5173 /* LeftPanelView.m */; };
		8BC8E0D31FBC516D00BC5173 /* LeftPanelView.xib in Resources */ = {isa = PBXBuildFile; fileRef = 8BC8E0D21FBC516D00BC5173 /* LeftPanelView.xib */; };
		8BC8E1171FC3F14700BC5173 /* PopupView.m in Sources */ = {isa = PBXBuildFile; fileRef = 8BC8E1161FC3F14700BC5173 /* PopupView.m */; };
		8BC8E1191FC3F15A00BC5173 /* PopupView.xib in Resources */ = {isa = PBXBuildFile; fileRef = 8BC8E1181FC3F15A00BC5173 /* PopupView.xib */; };
/* End PBXBuildFile section */

/* Begin PBXContainerItemProxy section */
		8BC8E0B31FB9A26900BC5173 /* PBXContainerItemProxy */ = {
			isa = PBXContainerItemProxy;
			containerPortal = 8BC8E08F1FB9A26800BC5173 /* Project object */;
			proxyType = 1;
			remoteGlobalIDString = 8BC8E0961FB9A26800BC5173;
			remoteInfo = AppTest;
		};
		8BC8E0BE1FB9A26900BC5173 /* PBXContainerItemProxy */ = {
			isa = PBXContainerItemProxy;
			containerPortal = 8BC8E08F1FB9A26800BC5173 /* Project object */;
			proxyType = 1;
			remoteGlobalIDString = 8BC8E0961FB9A26800BC5173;
			remoteInfo = AppTest;
		};
/* End PBXContainerItemProxy section */

/* Begin PBXFileReference section */
		8B7A4CBF2171CFAA00409838 /* MobileCoreServices.framework */ = {isa = PBXFileReference; lastKnownFileType = wrapper.framework; name = MobileCoreServices.framework; path = System/Library/Frameworks/MobileCoreServices.framework; sourceTree = SDKROOT; };
		8BC8E0971FB9A26800BC5173 /* AppTest.app */ = {isa = PBXFileReference; explicitFileType = wrapper.application; includeInIndex = 0; path = AppTest.app; sourceTree = BUILT_PRODUCTS_DIR; };
		8BC8E09A1FB9A26800BC5173 /* AppDelegate.h */ = {isa = PBXFileReference; lastKnownFileType = sourcecode.c.h; path = AppDelegate.h; sourceTree = "<group>"; };
		8BC8E09B1FB9A26800BC5173 /* AppDelegate.m */ = {isa = PBXFileReference; lastKnownFileType = sourcecode.c.objc; path = AppDelegate.m; sourceTree = "<group>"; };
		8BC8E09D1FB9A26800BC5173 /* ViewController.h */ = {isa = PBXFileReference; lastKnownFileType = sourcecode.c.h; path = ViewController.h; sourceTree = "<group>"; };
		8BC8E09E1FB9A26800BC5173 /* ViewController.m */ = {isa = PBXFileReference; lastKnownFileType = sourcecode.c.objc; path = ViewController.m; sourceTree = "<group>"; };
		8BC8E0A11FB9A26800BC5173 /* Base */ = {isa = PBXFileReference; lastKnownFileType = file.storyboard; name = Base; path = Base.lproj/Main.storyboard; sourceTree = "<group>"; };
		8BC8E0A41FB9A26800BC5173 /* AppTest.xcdatamodel */ = {isa = PBXFileReference; lastKnownFileType = wrapper.xcdatamodel; path = AppTest.xcdatamodel; sourceTree = "<group>"; };
		8BC8E0A61FB9A26800BC5173 /* Assets.xcassets */ = {isa = PBXFileReference; lastKnownFileType = folder.assetcatalog; path = Assets.xcassets; sourceTree = "<group>"; };
		8BC8E0A91FB9A26800BC5173 /* Base */ = {isa = PBXFileReference; lastKnownFileType = file.storyboard; name = Base; path = Base.lproj/LaunchScreen.storyboard; sourceTree = "<group>"; };
		8BC8E0AB1FB9A26800BC5173 /* Info.plist */ = {isa = PBXFileReference; lastKnownFileType = text.plist.xml; path = Info.plist; sourceTree = "<group>"; };
		8BC8E0AC1FB9A26800BC5173 /* main.m */ = {isa = PBXFileReference; lastKnownFileType = sourcecode.c.objc; path = main.m; sourceTree = "<group>"; };
		8BC8E0B21FB9A26900BC5173 /* AppTestTests.xctest */ = {isa = PBXFileReference; explicitFileType = wrapper.cfbundle; includeInIndex = 0; path = AppTestTests.xctest; sourceTree = BUILT_PRODUCTS_DIR; };
		8BC8E0B61FB9A26900BC5173 /* AppTestTests.m */ = {isa = PBXFileReference; lastKnownFileType = sourcecode.c.objc; path = AppTestTests.m; sourceTree = "<group>"; };
		8BC8E0B81FB9A26900BC5173 /* Info.plist */ = {isa = PBXFileReference; lastKnownFileType = text.plist.xml; path = Info.plist; sourceTree = "<group>"; };
		8BC8E0BD1FB9A26900BC5173 /* AppTestUITests.xctest */ = {isa = PBXFileReference; explicitFileType = wrapper.cfbundle; includeInIndex = 0; path = AppTestUITests.xctest; sourceTree = BUILT_PRODUCTS_DIR; };
		8BC8E0C11FB9A26900BC5173 /* AppTestUITests.m */ = {isa = PBXFileReference; lastKnownFileType = sourcecode.c.objc; path = AppTestUITests.m; sourceTree = "<group>"; };
		8BC8E0C31FB9A26900BC5173 /* Info.plist */ = {isa = PBXFileReference; lastKnownFileType = text.plist.xml; path = Info.plist; sourceTree = "<group>"; };
		8BC8E0CF1FBC515D00BC5173 /* LeftPanelView.h */ = {isa = PBXFileReference; lastKnownFileType = sourcecode.c.h; path = LeftPanelView.h; sourceTree = "<group>"; };
		8BC8E0D01FBC515D00BC5173 /* LeftPanelView.m */ = {isa = PBXFileReference; lastKnownFileType = sourcecode.c.objc; path = LeftPanelView.m; sourceTree = "<group>"; };
		8BC8E0D21FBC516D00BC5173 /* LeftPanelView.xib */ = {isa = PBXFileReference; lastKnownFileType = file.xib; path = LeftPanelView.xib; sourceTree = "<group>"; };
		8BC8E1151FC3F14700BC5173 /* PopupView.h */ = {isa = PBXFileReference; lastKnownFileType = sourcecode.c.h; path = PopupView.h; sourceTree = "<group>"; };
		8BC8E1161FC3F14700BC5173 /* PopupView.m */ = {isa = PBXFileReference; lastKnownFileType = sourcecode.c.objc; path = PopupView.m; sourceTree = "<group>"; };
		8BC8E1181FC3F15A00BC5173 /* PopupView.xib */ = {isa = PBXFileReference; lastKnownFileType = file.xib; path = PopupView.xib; sourceTree = "<group>"; };
/* End PBXFileReference section */

/* Begin PBXFrameworksBuildPhase section */
		8BC8E0941FB9A26800BC5173 /* Frameworks */ = {
			isa = PBXFrameworksBuildPhase;
			buildActionMask = 2147483647;
			files = (
				8B7A4CC02171CFAA00409838 /* MobileCoreServices.framework in Frameworks */,
			);
			runOnlyForDeploymentPostprocessing = 0;
		};
		8BC8E0AF1FB9A26900BC5173 /* Frameworks */ = {
			isa = PBXFrameworksBuildPhase;
			buildActionMask = 2147483647;
			files = (
			);
			runOnlyForDeploymentPostprocessing = 0;
		};
		8BC8E0BA1FB9A26900BC5173 /* Frameworks */ = {
			isa = PBXFrameworksBuildPhase;
			buildActionMask = 2147483647;
			files = (
			);
			runOnlyForDeploymentPostprocessing = 0;
		};
/* End PBXFrameworksBuildPhase section */

/* Begin PBXGroup section */
		8B7A4CBE2171CFAA00409838 /* Frameworks */ = {
			isa = PBXGroup;
			children = (
				8B7A4CBF2171CFAA00409838 /* MobileCoreServices.framework */,
			);
			name = Frameworks;
			sourceTree = "<group>";
		};
		8BC8E08E1FB9A26800BC5173 = {
			isa = PBXGroup;
			children = (
				8BC8E0991FB9A26800BC5173 /* AppTest */,
				8BC8E0B51FB9A26900BC5173 /* AppTestTests */,
				8BC8E0C01FB9A26900BC5173 /* AppTestUITests */,
				8BC8E0981FB9A26800BC5173 /* Products */,
				8B7A4CBE2171CFAA00409838 /* Frameworks */,
			);
			sourceTree = "<group>";
		};
		8BC8E0981FB9A26800BC5173 /* Products */ = {
			isa = PBXGroup;
			children = (
				8BC8E0971FB9A26800BC5173 /* AppTest.app */,
				8BC8E0B21FB9A26900BC5173 /* AppTestTests.xctest */,
				8BC8E0BD1FB9A26900BC5173 /* AppTestUITests.xctest */,
			);
			name = Products;
			sourceTree = "<group>";
		};
		8BC8E0991FB9A26800BC5173 /* AppTest */ = {
			isa = PBXGroup;
			children = (
				8BC8E09A1FB9A26800BC5173 /* AppDelegate.h */,
				8BC8E09B1FB9A26800BC5173 /* AppDelegate.m */,
				8BC8E09D1FB9A26800BC5173 /* ViewController.h */,
				8BC8E09E1FB9A26800BC5173 /* ViewController.m */,
				8BC8E0A01FB9A26800BC5173 /* Main.storyboard */,
				8BC8E0A61FB9A26800BC5173 /* Assets.xcassets */,
				8BC8E0A81FB9A26800BC5173 /* LaunchScreen.storyboard */,
				8BC8E0AB1FB9A26800BC5173 /* Info.plist */,
				8BC8E0AC1FB9A26800BC5173 /* main.m */,
				8BC8E0A31FB9A26800BC5173 /* AppTest.xcdatamodeld */,
				8BC8E0CF1FBC515D00BC5173 /* LeftPanelView.h */,
				8BC8E0D01FBC515D00BC5173 /* LeftPanelView.m */,
				8BC8E0D21FBC516D00BC5173 /* LeftPanelView.xib */,
				8BC8E1151FC3F14700BC5173 /* PopupView.h */,
				8BC8E1161FC3F14700BC5173 /* PopupView.m */,
				8BC8E1181FC3F15A00BC5173 /* PopupView.xib */,
			);
			path = AppTest;
			sourceTree = "<group>";
		};
		8BC8E0B51FB9A26900BC5173 /* AppTestTests */ = {
			isa = PBXGroup;
			children = (
				8BC8E0B61FB9A26900BC5173 /* AppTestTests.m */,
				8BC8E0B81FB9A26900BC5173 /* Info.plist */,
			);
			path = AppTestTests;
			sourceTree = "<group>";
		};
		8BC8E0C01FB9A26900BC5173 /* AppTestUITests */ = {
			isa = PBXGroup;
			children = (
				8BC8E0C11FB9A26900BC5173 /* AppTestUITests.m */,
				8BC8E0C31FB9A26900BC5173 /* Info.plist */,
			);
			path = AppTestUITests;
			sourceTree = "<group>";
		};
/* End PBXGroup section */

/* Begin PBXNativeTarget section */
		8BC8E0961FB9A26800BC5173 /* AppTest */ = {
			isa = PBXNativeTarget;
			buildConfigurationList = 8BC8E0C61FB9A26900BC5173 /* Build configuration list for PBXNativeTarget "AppTest" */;
			buildPhases = (
				8BC8E0931FB9A26800BC5173 /* Sources */,
				8BC8E0941FB9A26800BC5173 /* Frameworks */,
				8BC8E0951FB9A26800BC5173 /* Resources */,
			);
			buildRules = (
			);
			dependencies = (
			);
			name = AppTest;
			productName = AppTest;
			productReference = 8BC8E0971FB9A26800BC5173 /* AppTest.app */;
			productType = "com.apple.product-type.application";
		};
		8BC8E0B11FB9A26900BC5173 /* AppTestTests */ = {
			isa = PBXNativeTarget;
			buildConfigurationList = 8BC8E0C91FB9A26900BC5173 /* Build configuration list for PBXNativeTarget "AppTestTests" */;
			buildPhases = (
				8BC8E0AE1FB9A26900BC5173 /* Sources */,
				8BC8E0AF1FB9A26900BC5173 /* Frameworks */,
				8BC8E0B01FB9A26900BC5173 /* Resources */,
			);
			buildRules = (
			);
			dependencies = (
				8BC8E0B41FB9A26900BC5173 /* PBXTargetDependency */,
			);
			name = AppTestTests;
			productName = AppTestTests;
			productReference = 8BC8E0B21FB9A26900BC5173 /* AppTestTests.xctest */;
			productType = "com.apple.product-type.bundle.unit-test";
		};
		8BC8E0BC1FB9A26900BC5173 /* AppTestUITests */ = {
			isa = PBXNativeTarget;
			buildConfigurationList = 8BC8E0CC1FB9A26900BC5173 /* Build configuration list for PBXNativeTarget "AppTestUITests" */;
			buildPhases = (
				8BC8E0B91FB9A26900BC5173 /* Sources */,
				8BC8E0BA1FB9A26900BC5173 /* Frameworks */,
				8BC8E0BB1FB9A26900BC5173 /* Resources */,
			);
			buildRules = (
			);
			dependencies = (
				8BC8E0BF1FB9A26900BC5173 /* PBXTargetDependency */,
			);
			name = AppTestUITests;
			productName = AppTestUITests;
			productReference = 8BC8E0BD1FB9A26900BC5173 /* AppTestUITests.xctest */;
			productType = "com.apple.product-type.bundle.ui-testing";
		};
/* End PBXNativeTarget section */

/* Begin PBXProject section */
		8BC8E08F1FB9A26800BC5173 /* Project object */ = {
			isa = PBXProject;
			attributes = {
				LastUpgradeCheck = 0900;
				ORGANIZATIONNAME = "IOS DEVELOPER";
				TargetAttributes = {
					8BC8E0961FB9A26800BC5173 = {
						CreatedOnToolsVersion = 9.0;
						ProvisioningStyle = Manual;
					};
					8BC8E0B11FB9A26900BC5173 = {
						CreatedOnToolsVersion = 9.0;
						ProvisioningStyle = Automatic;
						TestTargetID = 8BC8E0961FB9A26800BC5173;
					};
					8BC8E0BC1FB9A26900BC5173 = {
						CreatedOnToolsVersion = 9.0;
						ProvisioningStyle = Automatic;
						TestTargetID = 8BC8E0961FB9A26800BC5173;
					};
				};
			};
			buildConfigurationList = 8BC8E0921FB9A26800BC5173 /* Build configuration list for PBXProject "AppTest" */;
			compatibilityVersion = "Xcode 8.0";
			developmentRegion = en;
			hasScannedForEncodings = 0;
			knownRegions = (
				en,
				Base,
			);
			mainGroup = 8BC8E08E1FB9A26800BC5173;
			productRefGroup = 8BC8E0981FB9A26800BC5173 /* Products */;
			projectDirPath = "";
			projectRoot = "";
			targets = (
				8BC8E0961FB9A26800BC5173 /* AppTest */,
				8BC8E0B11FB9A26900BC5173 /* AppTestTests */,
				8BC8E0BC1FB9A26900BC5173 /* AppTestUITests */,
			);
		};
/* End PBXProject section */

/* Begin PBXResourcesBuildPhase section */
		8BC8E0951FB9A26800BC5173 /* Resources */ = {
			isa = PBXResourcesBuildPhase;
			buildActionMask = 2147483647;
			files = (
				8BC8E0D31FBC516D00BC5173 /* LeftPanelView.xib in Resources */,
				8BC8E0AA1FB9A26800BC5173 /* LaunchScreen.storyboard in Resources */,
				8BC8E1191FC3F15A00BC5173 /* PopupView.xib in Resources */,
				8BC8E0A71FB9A26800BC5173 /* Assets.xcassets in Resources */,
				8BC8E0A21FB9A26800BC5173 /* Main.storyboard in Resources */,
			);
			runOnlyForDeploymentPostprocessing = 0;
		};
		8BC8E0B01FB9A26900BC5173 /* Resources */ = {
			isa = PBXResourcesBuildPhase;
			buildActionMask = 2147483647;
			files = (
			);
			runOnlyForDeploymentPostprocessing = 0;
		};
		8BC8E0BB1FB9A26900BC5173 /* Resources */ = {
			isa = PBXResourcesBuildPhase;
			buildActionMask = 2147483647;
			files = (
			);
			runOnlyForDeploymentPostprocessing = 0;
		};
/* End PBXResourcesBuildPhase section */

/* Begin PBXSourcesBuildPhase section */
		8BC8E0931FB9A26800BC5173 /* Sources */ = {
			isa = PBXSourcesBuildPhase;
			buildActionMask = 2147483647;
			files = (
				8BC8E0A51FB9A26800BC5173 /* AppTest.xcdatamodeld in Sources */,
				8BC8E09F1FB9A26800BC5173 /* ViewController.m in Sources */,
				8BC8E0D11FBC515D00BC5173 /* LeftPanelView.m in Sources */,
				8BC8E1171FC3F14700BC5173 /* PopupView.m in Sources */,
				8BC8E0AD1FB9A26800BC5173 /* main.m in Sources */,
				8BC8E09C1FB9A26800BC5173 /* AppDelegate.m in Sources */,
			);
			runOnlyForDeploymentPostprocessing = 0;
		};
		8BC8E0AE1FB9A26900BC5173 /* Sources */ = {
			isa = PBXSourcesBuildPhase;
			buildActionMask = 2147483647;
			files = (
				8BC8E0B71FB9A26900BC5173 /* AppTestTests.m in Sources */,
			);
			runOnlyForDeploymentPostprocessing = 0;
		};
		8BC8E0B91FB9A26900BC5173 /* Sources */ = {
			isa = PBXSourcesBuildPhase;
			buildActionMask = 2147483647;
			files = (
				8BC8E0C21FB9A26900BC5173 /* AppTestUITests.m in Sources */,
			);
			runOnlyForDeploymentPostprocessing = 0;
		};
/* End PBXSourcesBuildPhase section */

/* Begin PBXTargetDependency section */
		8BC8E0B41FB9A26900BC5173 /* PBXTargetDependency */ = {
			isa = PBXTargetDependency;
			target = 8BC8E0961FB9A26800BC5173 /* AppTest */;
			targetProxy = 8BC8E0B31FB9A26900BC5173 /* PBXContainerItemProxy */;
		};
		8BC8E0BF1FB9A26900BC5173 /* PBXTargetDependency */ = {
			isa = PBXTargetDependency;
			target = 8BC8E0961FB9A26800BC5173 /* AppTest */;
			targetProxy = 8BC8E0BE1FB9A26900BC5173 /* PBXContainerItemProxy */;
		};
/* End PBXTargetDependency section */

/* Begin PBXVariantGroup section */
		8BC8E0A01FB9A26800BC5173 /* Main.storyboard */ = {
			isa = PBXVariantGroup;
			children = (
				8BC8E0A11FB9A26800BC5173 /* Base */,
			);
			name = Main.storyboard;
			sourceTree = "<group>";
		};
		8BC8E0A81FB9A26800BC5173 /* LaunchScreen.storyboard */ = {
			isa = PBXVariantGroup;
			children = (
				8BC8E0A91FB9A26800BC5173 /* Base */,
			);
			name = LaunchScreen.storyboard;
			sourceTree = "<group>";
		};
/* End PBXVariantGroup section */

/* Begin XCBuildConfiguration section */
		8BC8E0C41FB9A26900BC5173 /* Debug */ = {
			isa = XCBuildConfiguration;
			buildSettings = {
				ALWAYS_SEARCH_USER_PATHS = NO;
				CLANG_ANALYZER_NONNULL = YES;
				CLANG_ANALYZER_NUMBER_OBJECT_CONVERSION = YES_AGGRESSIVE;
				CLANG_CXX_LANGUAGE_STANDARD = "gnu++14";
				CLANG_CXX_LIBRARY = "libc++";
				CLANG_ENABLE_MODULES = YES;
				CLANG_ENABLE_OBJC_ARC = YES;
				CLANG_WARN_BLOCK_CAPTURE_AUTORELEASING = YES;
				CLANG_WARN_BOOL_CONVERSION = YES;
				CLANG_WARN_COMMA = YES;
				CLANG_WARN_CONSTANT_CONVERSION = YES;
				CLANG_WARN_DIRECT_OBJC_ISA_USAGE = YES_ERROR;
				CLANG_WARN_DOCUMENTATION_COMMENTS = YES;
				CLANG_WARN_EMPTY_BODY = YES;
				CLANG_WARN_ENUM_CONVERSION = YES;
				CLANG_WARN_INFINITE_RECURSION = YES;
				CLANG_WARN_INT_CONVERSION = YES;
				CLANG_WARN_NON_LITERAL_NULL_CONVERSION = YES;
				CLANG_WARN_OBJC_LITERAL_CONVERSION = YES;
				CLANG_WARN_OBJC_ROOT_CLASS = YES_ERROR;
				CLANG_WARN_RANGE_LOOP_ANALYSIS = YES;
				CLANG_WARN_STRICT_PROTOTYPES = YES;
				CLANG_WARN_SUSPICIOUS_MOVE = YES;
				CLANG_WARN_UNGUARDED_AVAILABILITY = YES_AGGRESSIVE;
				CLANG_WARN_UNREACHABLE_CODE = YES;
				CLANG_WARN__DUPLICATE_METHOD_MATCH = YES;
				CODE_SIGN_IDENTITY = "iPhone Developer";
				COPY_PHASE_STRIP = NO;
				DEBUG_INFORMATION_FORMAT = dwarf;
				ENABLE_STRICT_OBJC_MSGSEND = YES;
				ENABLE_TESTABILITY = YES;
				GCC_C_LANGUAGE_STANDARD = gnu11;
				GCC_DYNAMIC_NO_PIC = NO;
				GCC_NO_COMMON_BLOCKS = YES;
				GCC_OPTIMIZATION_LEVEL = 0;
				GCC_PREPROCESSOR_DEFINITIONS = (
					"DEBUG=1",
					"$(inherited)",
				);
				GCC_WARN_64_TO_32_BIT_CONVERSION = YES;
				GCC_WARN_ABOUT_RETURN_TYPE = YES_ERROR;
				GCC_WARN_UNDECLARED_SELECTOR = YES;
				GCC_WARN_UNINITIALIZED_AUTOS = YES_AGGRESSIVE;
				GCC_WARN_UNUSED_FUNCTION = YES;
				GCC_WARN_UNUSED_VARIABLE = YES;
				IPHONEOS_DEPLOYMENT_TARGET = 11.0;
				MTL_ENABLE_DEBUG_INFO = YES;
				ONLY_ACTIVE_ARCH = YES;
				SDKROOT = iphoneos;
			};
			name = Debug;
		};
		8BC8E0C51FB9A26900BC5173 /* Release */ = {
			isa = XCBuildConfiguration;
			buildSettings = {
				ALWAYS_SEARCH_USER_PATHS = NO;
				CLANG_ANALYZER_NONNULL = YES;
				CLANG_ANALYZER_NUMBER_OBJECT_CONVERSION = YES_AGGRESSIVE;
				CLANG_CXX_LANGUAGE_STANDARD = "gnu++14";
				CLANG_CXX_LIBRARY = "libc++";
				CLANG_ENABLE_MODULES = YES;
				CLANG_ENABLE_OBJC_ARC = YES;
				CLANG_WARN_BLOCK_CAPTURE_AUTORELEASING = YES;
				CLANG_WARN_BOOL_CONVERSION = YES;
				CLANG_WARN_COMMA = YES;
				CLANG_WARN_CONSTANT_CONVERSION = YES;
				CLANG_WARN_DIRECT_OBJC_ISA_USAGE = YES_ERROR;
				CLANG_WARN_DOCUMENTATION_COMMENTS = YES;
				CLANG_WARN_EMPTY_BODY = YES;
				CLANG_WARN_ENUM_CONVERSION = YES;
				CLANG_WARN_INFINITE_RECURSION = YES;
				CLANG_WARN_INT_CONVERSION = YES;
				CLANG_WARN_NON_LITERAL_NULL_CONVERSION = YES;
				CLANG_WARN_OBJC_LITERAL_CONVERSION = YES;
				CLANG_WARN_OBJC_ROOT_CLASS = YES_ERROR;
				CLANG_WARN_RANGE_LOOP_ANALYSIS = YES;
				CLANG_WARN_STRICT_PROTOTYPES = YES;
				CLANG_WARN_SUSPICIOUS_MOVE = YES;
				CLANG_WARN_UNGUARDED_AVAILABILITY = YES_AGGRESSIVE;
				CLANG_WARN_UNREACHABLE_CODE = YES;
				CLANG_WARN__DUPLICATE_METHOD_MATCH = YES;
				CODE_SIGN_IDENTITY = "iPhone Developer";
				COPY_PHASE_STRIP = NO;
				DEBUG_INFORMATION_FORMAT = "dwarf-with-dsym";
				ENABLE_NS_ASSERTIONS = NO;
				ENABLE_STRICT_OBJC_MSGSEND = YES;
				GCC_C_LANGUAGE_STANDARD = gnu11;
				GCC_NO_COMMON_BLOCKS = YES;
				GCC_WARN_64_TO_32_BIT_CONVERSION = YES;
				GCC_WARN_ABOUT_RETURN_TYPE = YES_ERROR;
				GCC_WARN_UNDECLARED_SELECTOR = YES;
				GCC_WARN_UNINITIALIZED_AUTOS = YES_AGGRESSIVE;
				GCC_WARN_UNUSED_FUNCTION = YES;
				GCC_WARN_UNUSED_VARIABLE = YES;
				IPHONEOS_DEPLOYMENT_TARGET = 11.0;
				MTL_ENABLE_DEBUG_INFO = NO;
				SDKROOT = iphoneos;
				VALIDATE_PRODUCT = YES;
			};
			name = Release;
		};
		8BC8E0C71FB9A26900BC5173 /* Debug */ = {
			isa = XCBuildConfiguration;
			buildSettings = {
				ASSETCATALOG_COMPILER_APPICON_NAME = AppIcon;
				CODE_SIGN_STYLE = Manual;
				DEVELOPMENT_TEAM = EQDME7CNXM;
				INFOPLIST_FILE = AppTest/Info.plist;
				LD_RUNPATH_SEARCH_PATHS = "$(inherited) @executable_path/Frameworks";
				PRODUCT_BUNDLE_IDENTIFIER = com.sketchwebsolutions.AppTest;
				PRODUCT_NAME = "$(TARGET_NAME)";
				PROVISIONING_PROFILE = "af3470dc-59a3-46e4-b7d4-2551c592fe51";
				PROVISIONING_PROFILE_SPECIFIER = devSketchProvision_09Oct2107;
				TARGETED_DEVICE_FAMILY = "1,2";
			};
			name = Debug;
		};
		8BC8E0C81FB9A26900BC5173 /* Release */ = {
			isa = XCBuildConfiguration;
			buildSettings = {
				ASSETCATALOG_COMPILER_APPICON_NAME = AppIcon;
				CODE_SIGN_STYLE = Manual;
				DEVELOPMENT_TEAM = EQDME7CNXM;
				INFOPLIST_FILE = AppTest/Info.plist;
				LD_RUNPATH_SEARCH_PATHS = "$(inherited) @executable_path/Frameworks";
				PRODUCT_BUNDLE_IDENTIFIER = com.sketchwebsolutions.AppTest;
				PRODUCT_NAME = "$(TARGET_NAME)";
				PROVISIONING_PROFILE = "af3470dc-59a3-46e4-b7d4-2551c592fe51";
				PROVISIONING_PROFILE_SPECIFIER = devSketchProvision_09Oct2107;
				TARGETED_DEVICE_FAMILY = "1,2";
			};
			name = Release;
		};
		8BC8E0CA1FB9A26900BC5173 /* Debug */ = {
			isa = XCBuildConfiguration;
			buildSettings = {
				BUNDLE_LOADER = "$(TEST_HOST)";
				CODE_SIGN_STYLE = Automatic;
				INFOPLIST_FILE = AppTestTests/Info.plist;
				LD_RUNPATH_SEARCH_PATHS = "$(inherited) @executable_path/Frameworks @loader_path/Frameworks";
				PRODUCT_BUNDLE_IDENTIFIER = com.sketchwebsolutions.AppTestTests;
				PRODUCT_NAME = "$(TARGET_NAME)";
				TARGETED_DEVICE_FAMILY = "1,2";
				TEST_HOST = "$(BUILT_PRODUCTS_DIR)/AppTest.app/AppTest";
			};
			name = Debug;
		};
		8BC8E0CB1FB9A26900BC5173 /* Release */ = {
			isa = XCBuildConfiguration;
			buildSettings = {
				BUNDLE_LOADER = "$(TEST_HOST)";
				CODE_SIGN_STYLE = Automatic;
				INFOPLIST_FILE = AppTestTests/Info.plist;
				LD_RUNPATH_SEARCH_PATHS = "$(inherited) @executable_path/Frameworks @loader_path/Frameworks";
				PRODUCT_BUNDLE_IDENTIFIER = com.sketchwebsolutions.AppTestTests;
				PRODUCT_NAME = "$(TARGET_NAME)";
				TARGETED_DEVICE_FAMILY = "1,2";
				TEST_HOST = "$(BUILT_PRODUCTS_DIR)/AppTest.app/AppTest";
			};
			name = Release;
		};
		8BC8E0CD1FB9A26900BC5173 /* Debug */ = {
			isa = XCBuildConfiguration;
			buildSettings = {
				CODE_SIGN_STYLE = Automatic;
				INFOPLIST_FILE = AppTestUITests/Info.plist;
				LD_RUNPATH_SEARCH_PATHS = "$(inherited) @executable_path/Frameworks @loader_path/Frameworks";
				PRODUCT_BUNDLE_IDENTIFIER = com.sketchwebsolutions.AppTestUITests;
				PRODUCT_NAME = "$(TARGET_NAME)";
				TARGETED_DEVICE_FAMILY = "1,2";
				TEST_TARGET_NAME = AppTest;
			};
			name = Debug;
		};
		8BC8E0CE1FB9A26900BC5173 /* Release */ = {
			isa = XCBuildConfiguration;
			buildSettings = {
				CODE_SIGN_STYLE = Automatic;
				INFOPLIST_FILE = AppTestUITests/Info.plist;
				LD_RUNPATH_SEARCH_PATHS = "$(inherited) @executable_path/Frameworks @loader_path/Frameworks";
				PRODUCT_BUNDLE_IDENTIFIER = com.sketchwebsolutions.AppTestUITests;
				PRODUCT_NAME = "$(TARGET_NAME)";
				TARGETED_DEVICE_FAMILY = "1,2";
				TEST_TARGET_NAME = AppTest;
			};
			name = Release;
		};
/* End XCBuildConfiguration section */

/* Begin XCConfigurationList section */
		8BC8E0921FB9A26800BC5173 /* Build configuration list for PBXProject "AppTest" */ = {
			isa = XCConfigurationList;
			buildConfigurations = (
				8BC8E0C41FB9A26900BC5173 /* Debug */,
				8BC8E0C51FB9A26900BC5173 /* Release */,
			);
			defaultConfigurationIsVisible = 0;
			defaultConfigurationName = Release;
		};
		8BC8E0C61FB9A26900BC5173 /* Build configuration list for PBXNativeTarget "AppTest" */ = {
			isa = XCConfigurationList;
			buildConfigurations = (
				8BC8E0C71FB9A26900BC5173 /* Debug */,
				8BC8E0C81FB9A26900BC5173 /* Release */,
			);
			defaultConfigurationIsVisible = 0;
			defaultConfigurationName = Release;
		};
		8BC8E0C91FB9A26900BC5173 /* Build configuration list for PBXNativeTarget "AppTestTests" */ = {
			isa = XCConfigurationList;
			buildConfigurations = (
				8BC8E0CA1FB9A26900BC5173 /* Debug */,
				8BC8E0CB1FB9A26900BC5173 /* Release */,
			);
			defaultConfigurationIsVisible = 0;
			defaultConfigurationName = Release;
		};
		8BC8E0CC1FB9A26900BC5173 /* Build configuration list for PBXNativeTarget "AppTestUITests" */ = {
			isa = XCConfigurationList;
			buildConfigurations = (
				8BC8E0CD1FB9A26900BC5173 /* Debug */,
				8BC8E0CE1FB9A26900BC5173 /* Release */,
			);
			defaultConfigurationIsVisible = 0;
			defaultConfigurationName = Release;
		};
/* End XCConfigurationList section */

/* Begin XCVersionGroup section */
		8BC8E0A31FB9A26800BC5173 /* AppTest.xcdatamodeld */ = {
			isa = XCVersionGroup;
			children = (
				8BC8E0A41FB9A26800BC5173 /* AppTest.xcdatamodel */,
			);
			currentVersion = 8BC8E0A41FB9A26800BC5173 /* AppTest.xcdatamodel */;
			path = AppTest.xcdatamodeld;
			sourceTree = "<group>";
			versionGroupType = wrapper.xcdatamodel;
		};
/* End XCVersionGroup section */
	};
	rootObject = 8BC8E08F1FB9A26800BC5173 /* Project object */;
}
